// !$*UTF8*$!
{
	archiveVersion = 1;
	classes = {
	};
	objectVersion = 48;
	objects = {

/* Begin PBXBuildFile section */
		9FECDD27C0B9EEFB028A6D52 /* Pods_Realm_iOSToDo.framework in Frameworks */ = {isa = PBXBuildFile; fileRef = 567A2DE68AC9B5A1495C920C /* Pods_Realm_iOSToDo.framework */; };
		E3496651205B150000951CFA /* AppDelegate.swift in Sources */ = {isa = PBXBuildFile; fileRef = E3496650205B150000951CFA /* AppDelegate.swift */; };
		E3496653205B150000951CFA /* ViewController.swift in Sources */ = {isa = PBXBuildFile; fileRef = E3496652205B150000951CFA /* ViewController.swift */; };
		E3496658205B150000951CFA /* Assets.xcassets in Resources */ = {isa = PBXBuildFile; fileRef = E3496657205B150000951CFA /* Assets.xcassets */; };
		E349665B205B150000951CFA /* LaunchScreen.storyboard in Resources */ = {isa = PBXBuildFile; fileRef = E3496659205B150000951CFA /* LaunchScreen.storyboard */; };
		E3496663205B182000951CFA /* Constants.swift in Sources */ = {isa = PBXBuildFile; fileRef = E3496662205B182000951CFA /* Constants.swift */; };
		E3496665205B188200951CFA /* WelcomeViewController.swift in Sources */ = {isa = PBXBuildFile; fileRef = E3496664205B188200951CFA /* WelcomeViewController.swift */; };
		E3496667205B1E7200951CFA /* Items.swift in Sources */ = {isa = PBXBuildFile; fileRef = E3496666205B1E7200951CFA /* Items.swift */; };
/* End PBXBuildFile section */

/* Begin PBXFileReference section */
		24374A487FA5D755C3632BF2 /* Pods-Realm_iOSToDo.debug.xcconfig */ = {isa = PBXFileReference; includeInIndex = 1; lastKnownFileType = text.xcconfig; name = "Pods-Realm_iOSToDo.debug.xcconfig"; path = "Pods/Target Support Files/Pods-Realm_iOSToDo/Pods-Realm_iOSToDo.debug.xcconfig"; sourceTree = "<group>"; };
		567A2DE68AC9B5A1495C920C /* Pods_Realm_iOSToDo.framework */ = {isa = PBXFileReference; explicitFileType = wrapper.framework; includeInIndex = 0; path = Pods_Realm_iOSToDo.framework; sourceTree = BUILT_PRODUCTS_DIR; };
		CF55233DD1FF5D7E95725CAF /* Pods-Realm_iOSToDo.release.xcconfig */ = {isa = PBXFileReference; includeInIndex = 1; lastKnownFileType = text.xcconfig; name = "Pods-Realm_iOSToDo.release.xcconfig"; path = "Pods/Target Support Files/Pods-Realm_iOSToDo/Pods-Realm_iOSToDo.release.xcconfig"; sourceTree = "<group>"; };
		E349664D205B150000951CFA /* Realm_iOSToDo.app */ = {isa = PBXFileReference; explicitFileType = wrapper.application; includeInIndex = 0; path = Realm_iOSToDo.app; sourceTree = BUILT_PRODUCTS_DIR; };
		E3496650205B150000951CFA /* AppDelegate.swift */ = {isa = PBXFileReference; lastKnownFileType = sourcecode.swift; path = AppDelegate.swift; sourceTree = "<group>"; };
		E3496652205B150000951CFA /* ViewController.swift */ = {isa = PBXFileReference; lastKnownFileType = sourcecode.swift; path = ViewController.swift; sourceTree = "<group>"; };
		E3496657205B150000951CFA /* Assets.xcassets */ = {isa = PBXFileReference; lastKnownFileType = folder.assetcatalog; path = Assets.xcassets; sourceTree = "<group>"; };
		E349665A205B150000951CFA /* Base */ = {isa = PBXFileReference; lastKnownFileType = file.storyboard; name = Base; path = Base.lproj/LaunchScreen.storyboard; sourceTree = "<group>"; };
		E349665C205B150000951CFA /* Info.plist */ = {isa = PBXFileReference; lastKnownFileType = text.plist.xml; path = Info.plist; sourceTree = "<group>"; };
		E3496662205B182000951CFA /* Constants.swift */ = {isa = PBXFileReference; lastKnownFileType = sourcecode.swift; path = Constants.swift; sourceTree = "<group>"; };
		E3496664205B188200951CFA /* WelcomeViewController.swift */ = {isa = PBXFileReference; lastKnownFileType = sourcecode.swift; path = WelcomeViewController.swift; sourceTree = "<group>"; };
		E3496666205B1E7200951CFA /* Items.swift */ = {isa = PBXFileReference; lastKnownFileType = sourcecode.swift; path = Items.swift; sourceTree = "<group>"; };
/* End PBXFileReference section */

/* Begin PBXFrameworksBuildPhase section */
		E349664A205B150000951CFA /* Frameworks */ = {
			isa = PBXFrameworksBuildPhase;
			buildActionMask = 2147483647;
			files = (
				9FECDD27C0B9EEFB028A6D52 /* Pods_Realm_iOSToDo.framework in Frameworks */,
			);
			runOnlyForDeploymentPostprocessing = 0;
		};
/* End PBXFrameworksBuildPhase section */

/* Begin PBXGroup section */
		73E6749432721FAC98747677 /* Frameworks */ = {
			isa = PBXGroup;
			children = (
				567A2DE68AC9B5A1495C920C /* Pods_Realm_iOSToDo.framework */,
			);
			name = Frameworks;
			sourceTree = "<group>";
		};
		E3496644205B150000951CFA = {
			isa = PBXGroup;
			children = (
				E349664F205B150000951CFA /* Realm_iOSToDo */,
				E349664E205B150000951CFA /* Products */,
				F2D3D32A5676E70F65328257 /* Pods */,
				73E6749432721FAC98747677 /* Frameworks */,
			);
			sourceTree = "<group>";
		};
		E349664E205B150000951CFA /* Products */ = {
			isa = PBXGroup;
			children = (
				E349664D205B150000951CFA /* Realm_iOSToDo.app */,
			);
			name = Products;
			sourceTree = "<group>";
		};
		E349664F205B150000951CFA /* Realm_iOSToDo */ = {
			isa = PBXGroup;
			children = (
				E3496650205B150000951CFA /* AppDelegate.swift */,
				E3496662205B182000951CFA /* Constants.swift */,
				E3496664205B188200951CFA /* WelcomeViewController.swift */,
				E3496666205B1E7200951CFA /* Items.swift */,
				E3496652205B150000951CFA /* ViewController.swift */,
				E3496657205B150000951CFA /* Assets.xcassets */,
				E3496659205B150000951CFA /* LaunchScreen.storyboard */,
				E349665C205B150000951CFA /* Info.plist */,
			);
			path = Realm_iOSToDo;
			sourceTree = "<group>";
		};
		F2D3D32A5676E70F65328257 /* Pods */ = {
			isa = PBXGroup;
			children = (
				24374A487FA5D755C3632BF2 /* Pods-Realm_iOSToDo.debug.xcconfig */,
				CF55233DD1FF5D7E95725CAF /* Pods-Realm_iOSToDo.release.xcconfig */,
			);
			name = Pods;
			sourceTree = "<group>";
		};
/* End PBXGroup section */

/* Begin PBXNativeTarget section */
		E349664C205B150000951CFA /* Realm_iOSToDo */ = {
			isa = PBXNativeTarget;
			buildConfigurationList = E349665F205B150000951CFA /* Build configuration list for PBXNativeTarget "Realm_iOSToDo" */;
			buildPhases = (
				04D60A2D57821A7B803BA7F8 /* [CP] Check Pods Manifest.lock */,
				E3496649205B150000951CFA /* Sources */,
				E349664A205B150000951CFA /* Frameworks */,
				E349664B205B150000951CFA /* Resources */,
				7BF02B41672CA5C6A27352B5 /* [CP] Embed Pods Frameworks */,
				B58FD3947C3F2677C6F06906 /* [CP] Copy Pods Resources */,
			);
			buildRules = (
			);
			dependencies = (
			);
			name = Realm_iOSToDo;
			productName = Realm_iOSToDo;
			productReference = E349664D205B150000951CFA /* Realm_iOSToDo.app */;
			productType = "com.apple.product-type.application";
		};
/* End PBXNativeTarget section */

/* Begin PBXProject section */
		E3496645205B150000951CFA /* Project object */ = {
			isa = PBXProject;
			attributes = {
				LastSwiftUpdateCheck = 0900;
				LastUpgradeCheck = 0900;
				ORGANIZATIONNAME = TenTwelve;
				TargetAttributes = {
					E349664C205B150000951CFA = {
						CreatedOnToolsVersion = 9.0.1;
						ProvisioningStyle = Automatic;
					};
				};
			};
			buildConfigurationList = E3496648205B150000951CFA /* Build configuration list for PBXProject "Realm_iOSToDo" */;
			compatibilityVersion = "Xcode 8.0";
			developmentRegion = en;
			hasScannedForEncodings = 0;
			knownRegions = (
				en,
				Base,
			);
			mainGroup = E3496644205B150000951CFA;
			productRefGroup = E349664E205B150000951CFA /* Products */;
			projectDirPath = "";
			projectRoot = "";
			targets = (
				E349664C205B150000951CFA /* Realm_iOSToDo */,
			);
		};
/* End PBXProject section */

/* Begin PBXResourcesBuildPhase section */
		E349664B205B150000951CFA /* Resources */ = {
			isa = PBXResourcesBuildPhase;
			buildActionMask = 2147483647;
			files = (
				E349665B205B150000951CFA /* LaunchScreen.storyboard in Resources */,
				E3496658205B150000951CFA /* Assets.xcassets in Resources */,
			);
			runOnlyForDeploymentPostprocessing = 0;
		};
/* End PBXResourcesBuildPhase section */

/* Begin PBXShellScriptBuildPhase section */
		04D60A2D57821A7B803BA7F8 /* [CP] Check Pods Manifest.lock */ = {
			isa = PBXShellScriptBuildPhase;
			buildActionMask = 2147483647;
			files = (
			);
			inputPaths = (
				"${PODS_PODFILE_DIR_PATH}/Podfile.lock",
				"${PODS_ROOT}/Manifest.lock",
			);
			name = "[CP] Check Pods Manifest.lock";
			outputPaths = (
				"$(DERIVED_FILE_DIR)/Pods-Realm_iOSToDo-checkManifestLockResult.txt",
			);
			runOnlyForDeploymentPostprocessing = 0;
			shellPath = /bin/sh;
			shellScript = "diff \"${PODS_PODFILE_DIR_PATH}/Podfile.lock\" \"${PODS_ROOT}/Manifest.lock\" > /dev/null\nif [ $? != 0 ] ; then\n    # print error to STDERR\n    echo \"error: The sandbox is not in sync with the Podfile.lock. Run 'pod install' or update your CocoaPods installation.\" >&2\n    exit 1\nfi\n# This output is used by Xcode 'outputs' to avoid re-running this script phase.\necho \"SUCCESS\" > \"${SCRIPT_OUTPUT_FILE_0}\"\n";
			showEnvVarsInLog = 0;
		};
		7BF02B41672CA5C6A27352B5 /* [CP] Embed Pods Frameworks */ = {
			isa = PBXShellScriptBuildPhase;
			buildActionMask = 2147483647;
			files = (
			);
			inputPaths = (
				"${SRCROOT}/Pods/Target Support Files/Pods-Realm_iOSToDo/Pods-Realm_iOSToDo-frameworks.sh",
				"${BUILT_PRODUCTS_DIR}/Realm/Realm.framework",
				"${BUILT_PRODUCTS_DIR}/RealmSwift/RealmSwift.framework",
			);
			name = "[CP] Embed Pods Frameworks";
			outputPaths = (
				"${TARGET_BUILD_DIR}/${FRAMEWORKS_FOLDER_PATH}/Realm.framework",
				"${TARGET_BUILD_DIR}/${FRAMEWORKS_FOLDER_PATH}/RealmSwift.framework",
			);
			runOnlyForDeploymentPostprocessing = 0;
			shellPath = /bin/sh;
			shellScript = "\"${SRCROOT}/Pods/Target Support Files/Pods-Realm_iOSToDo/Pods-Realm_iOSToDo-frameworks.sh\"\n";
			showEnvVarsInLog = 0;
		};
		B58FD3947C3F2677C6F06906 /* [CP] Copy Pods Resources */ = {
			isa = PBXShellScriptBuildPhase;
			buildActionMask = 2147483647;
			files = (
			);
			inputPaths = (
			);
			name = "[CP] Copy Pods Resources";
			outputPaths = (
			);
			runOnlyForDeploymentPostprocessing = 0;
			shellPath = /bin/sh;
			shellScript = "\"${SRCROOT}/Pods/Target Support Files/Pods-Realm_iOSToDo/Pods-Realm_iOSToDo-resources.sh\"\n";
			showEnvVarsInLog = 0;
		};
/* End PBXShellScriptBuildPhase section */

/* Begin PBXSourcesBuildPhase section */
		E3496649205B150000951CFA /* Sources */ = {
			isa = PBXSourcesBuildPhase;
			buildActionMask = 2147483647;
			files = (
				E3496653205B150000951CFA /* ViewController.swift in Sources */,
				E3496667205B1E7200951CFA /* Items.swift in Sources */,
				E3496665205B188200951CFA /* WelcomeViewController.swift in Sources */,
				E3496651205B150000951CFA /* AppDelegate.swift in Sources */,
				E3496663205B182000951CFA /* Constants.swift in Sources */,
			);
			runOnlyForDeploymentPostprocessing = 0;
		};
/* End PBXSourcesBuildPhase section */

/* Begin PBXVariantGroup section */
		E3496659205B150000951CFA /* LaunchScreen.storyboard */ = {
			isa = PBXVariantGroup;
			children = (
				E349665A205B150000951CFA /* Base */,
			);
			name = LaunchScreen.storyboard;
			sourceTree = "<group>";
		};
/* End PBXVariantGroup section */

/* Begin XCBuildConfiguration section */
		E349665D205B150000951CFA /* Debug */ = {
			isa = XCBuildConfiguration;
			buildSettings = {
				ALWAYS_SEARCH_USER_PATHS = NO;
				CLANG_ANALYZER_NONNULL = YES;
				CLANG_ANALYZER_NUMBER_OBJECT_CONVERSION = YES_AGGRESSIVE;
				CLANG_CXX_LANGUAGE_STANDARD = "gnu++14";
				CLANG_CXX_LIBRARY = "libc++";
				CLANG_ENABLE_MODULES = YES;
				CLANG_ENABLE_OBJC_ARC = YES;
				CLANG_WARN_BLOCK_CAPTURE_AUTORELEASING = YES;
				CLANG_WARN_BOOL_CONVERSION = YES;
				CLANG_WARN_COMMA = YES;
				CLANG_WARN_CONSTANT_CONVERSION = YES;
				CLANG_WARN_DIRECT_OBJC_ISA_USAGE = YES_ERROR;
				CLANG_WARN_DOCUMENTATION_COMMENTS = YES;
				CLANG_WARN_EMPTY_BODY = YES;
				CLANG_WARN_ENUM_CONVERSION = YES;
				CLANG_WARN_INFINITE_RECURSION = YES;
				CLANG_WARN_INT_CONVERSION = YES;
				CLANG_WARN_NON_LITERAL_NULL_CONVERSION = YES;
				CLANG_WARN_OBJC_LITERAL_CONVERSION = YES;
				CLANG_WARN_OBJC_ROOT_CLASS = YES_ERROR;
				CLANG_WARN_RANGE_LOOP_ANALYSIS = YES;
				CLANG_WARN_STRICT_PROTOTYPES = YES;
				CLANG_WARN_SUSPICIOUS_MOVE = YES;
				CLANG_WARN_UNGUARDED_AVAILABILITY = YES_AGGRESSIVE;
				CLANG_WARN_UNREACHABLE_CODE = YES;
				CLANG_WARN__DUPLICATE_METHOD_MATCH = YES;
				CODE_SIGN_IDENTITY = "iPhone Developer";
				COPY_PHASE_STRIP = NO;
				DEBUG_INFORMATION_FORMAT = dwarf;
				ENABLE_STRICT_OBJC_MSGSEND = YES;
				ENABLE_TESTABILITY = YES;
				GCC_C_LANGUAGE_STANDARD = gnu11;
				GCC_DYNAMIC_NO_PIC = NO;
				GCC_NO_COMMON_BLOCKS = YES;
				GCC_OPTIMIZATION_LEVEL = 0;
				GCC_PREPROCESSOR_DEFINITIONS = (
					"DEBUG=1",
					"$(inherited)",
				);
				GCC_WARN_64_TO_32_BIT_CONVERSION = YES;
				GCC_WARN_ABOUT_RETURN_TYPE = YES_ERROR;
				GCC_WARN_UNDECLARED_SELECTOR = YES;
				GCC_WARN_UNINITIALIZED_AUTOS = YES_AGGRESSIVE;
				GCC_WARN_UNUSED_FUNCTION = YES;
				GCC_WARN_UNUSED_VARIABLE = YES;
				IPHONEOS_DEPLOYMENT_TARGET = 11.0;
				MTL_ENABLE_DEBUG_INFO = YES;
				ONLY_ACTIVE_ARCH = YES;
				SDKROOT = iphoneos;
				SWIFT_ACTIVE_COMPILATION_CONDITIONS = DEBUG;
				SWIFT_OPTIMIZATION_LEVEL = "-Onone";
			};
			name = Debug;
		};
		E349665E205B150000951CFA /* Release */ = {
			isa = XCBuildConfiguration;
			buildSettings = {
				ALWAYS_SEARCH_USER_PATHS = NO;
				CLANG_ANALYZER_NONNULL = YES;
				CLANG_ANALYZER_NUMBER_OBJECT_CONVERSION = YES_AGGRESSIVE;
				CLANG_CXX_LANGUAGE_STANDARD = "gnu++14";
				CLANG_CXX_LIBRARY = "libc++";
				CLANG_ENABLE_MODULES = YES;
				CLANG_ENABLE_OBJC_ARC = YES;
				CLANG_WARN_BLOCK_CAPTURE_AUTORELEASING = YES;
				CLANG_WARN_BOOL_CONVERSION = YES;
				CLANG_WARN_COMMA = YES;
				CLANG_WARN_CONSTANT_CONVERSION = YES;
				CLANG_WARN_DIRECT_OBJC_ISA_USAGE = YES_ERROR;
				CLANG_WARN_DOCUMENTATION_COMMENTS = YES;
				CLANG_WARN_EMPTY_BODY = YES;
				CLANG_WARN_ENUM_CONVERSION = YES;
				CLANG_WARN_INFINITE_RECURSION = YES;
				CLANG_WARN_INT_CONVERSION = YES;
				CLANG_WARN_NON_LITERAL_NULL_CONVERSION = YES;
				CLANG_WARN_OBJC_LITERAL_CONVERSION = YES;
				CLANG_WARN_OBJC_ROOT_CLASS = YES_ERROR;
				CLANG_WARN_RANGE_LOOP_ANALYSIS = YES;
				CLANG_WARN_STRICT_PROTOTYPES = YES;
				CLANG_WARN_SUSPICIOUS_MOVE = YES;
				CLANG_WARN_UNGUARDED_AVAILABILITY = YES_AGGRESSIVE;
				CLANG_WARN_UNREACHABLE_CODE = YES;
				CLANG_WARN__DUPLICATE_METHOD_MATCH = YES;
				CODE_SIGN_IDENTITY = "iPhone Developer";
				COPY_PHASE_STRIP = NO;
				DEBUG_INFORMATION_FORMAT = "dwarf-with-dsym";
				ENABLE_NS_ASSERTIONS = NO;
				ENABLE_STRICT_OBJC_MSGSEND = YES;
				GCC_C_LANGUAGE_STANDARD = gnu11;
				GCC_NO_COMMON_BLOCKS = YES;
				GCC_WARN_64_TO_32_BIT_CONVERSION = YES;
				GCC_WARN_ABOUT_RETURN_TYPE = YES_ERROR;
				GCC_WARN_UNDECLARED_SELECTOR = YES;
				GCC_WARN_UNINITIALIZED_AUTOS = YES_AGGRESSIVE;
				GCC_WARN_UNUSED_FUNCTION = YES;
				GCC_WARN_UNUSED_VARIABLE = YES;
				IPHONEOS_DEPLOYMENT_TARGET = 11.0;
				MTL_ENABLE_DEBUG_INFO = NO;
				SDKROOT = iphoneos;
				SWIFT_OPTIMIZATION_LEVEL = "-Owholemodule";
				VALIDATE_PRODUCT = YES;
			};
			name = Release;
		};
		E3496660205B150000951CFA /* Debug */ = {
			isa = XCBuildConfiguration;
			baseConfigurationReference = 24374A487FA5D755C3632BF2 /* Pods-Realm_iOSToDo.debug.xcconfig */;
			buildSettings = {
				ASSETCATALOG_COMPILER_APPICON_NAME = AppIcon;
				CODE_SIGN_STYLE = Automatic;
				DEVELOPMENT_TEAM = 2H8KA68SCD;
				INFOPLIST_FILE = Realm_iOSToDo/Info.plist;
				LD_RUNPATH_SEARCH_PATHS = "$(inherited) @executable_path/Frameworks";
				PRODUCT_BUNDLE_IDENTIFIER = "com.tentwelve.Realm-iOSToDo";
				PRODUCT_NAME = "$(TARGET_NAME)";
				SWIFT_VERSION = 4.0;
				TARGETED_DEVICE_FAMILY = "1,2";
			};
			name = Debug;
		};
		E3496661205B150000951CFA /* Release */ = {
			isa = XCBuildConfiguration;
			baseConfigurationReference = CF55233DD1FF5D7E95725CAF /* Pods-Realm_iOSToDo.release.xcconfig */;
			buildSettings = {
				ASSETCATALOG_COMPILER_APPICON_NAME = AppIcon;
				CODE_SIGN_STYLE = Automatic;
				DEVELOPMENT_TEAM = 2H8KA68SCD;
				INFOPLIST_FILE = Realm_iOSToDo/Info.plist;
				LD_RUNPATH_SEARCH_PATHS = "$(inherited) @executable_path/Frameworks";
				PRODUCT_BUNDLE_IDENTIFIER = "com.tentwelve.Realm-iOSToDo";
				PRODUCT_NAME = "$(TARGET_NAME)";
				SWIFT_VERSION = 4.0;
				TARGETED_DEVICE_FAMILY = "1,2";
			};
			name = Release;
		};
/* End XCBuildConfiguration section */

/* Begin XCConfigurationList section */
		E3496648205B150000951CFA /* Build configuration list for PBXProject "Realm_iOSToDo" */ = {
			isa = XCConfigurationList;
			buildConfigurations = (
				E349665D205B150000951CFA /* Debug */,
				E349665E205B150000951CFA /* Release */,
			);
			defaultConfigurationIsVisible = 0;
			defaultConfigurationName = Release;
		};
		E349665F205B150000951CFA /* Build configuration list for PBXNativeTarget "Realm_iOSToDo" */ = {
			isa = XCConfigurationList;
			buildConfigurations = (
				E3496660205B150000951CFA /* Debug */,
				E3496661205B150000951CFA /* Release */,
			);
			defaultConfigurationIsVisible = 0;
			defaultConfigurationName = Release;
		};
/* End XCConfigurationList section */
	};
	rootObject = E3496645205B150000951CFA /* Project object */;
}
